<?xml version="1.0" encoding="utf-8"?>
<Project ToolsVersion="4.0" xmlns="http://schemas.microsoft.com/developer/msbuild/2003">
  <ItemGroup>
    <Filter Include="Source Files">
      <UniqueIdentifier>{4FC737F1-C7A5-4376-A066-2A32D752A2FF}</UniqueIdentifier>
      <Extensions>cpp;c;cc;cxx;c++;cppm;ixx;def;odl;idl;hpj;bat;asm;asmx</Extensions>
    </Filter>
    <Filter Include="Header Files">
      <UniqueIdentifier>{93995380-89BD-4b04-88EB-625FBE52EBFB}</UniqueIdentifier>
      <Extensions>h;hh;hpp;hxx;h++;hm;inl;inc;ipp;xsd</Extensions>
    </Filter>
    <Filter Include="Resource Files">
      <UniqueIdentifier>{67DA6AB6-F800-4c08-8B7A-83BB121AAD01}</UniqueIdentifier>
      <Extensions>rc;ico;cur;bmp;dlg;rc2;rct;bin;rgs;gif;jpg;jpeg;jpe;resx;tiff;tif;png;wav;mfcribbon-ms</Extensions>
    </Filter>
  </ItemGroup>
  <ItemGroup>
    <ClCompile Include="main.cpp">
      <Filter>Source Files</Filter>
    </ClCompile>
    <ClCompile Include="src/Day_Night_Cycle/DayAndNight.cpp">
      <Filter>Source Files</Filter>
    </ClCompile>
    <ClCompile Include="src/Game.cpp">
      <Filter>Source Files</Filter>
    </ClCompile>
    <ClCompile Include="src/inventory/Inventory.cpp">
      <Filter>Source Files</Filter>
    </ClCompile>
    <ClCompile Include="src/inventory/InventorySlot.cpp">
      <Filter>Source Files</Filter>
    </ClCompile>
    <ClCompile Include="src/items/Item.cpp">
      <Filter>Source Files</Filter>
    </ClCompile>
    <ClCompile Include="src/level/Tiles.cpp">
      <Filter>Source Files</Filter>
    </ClCompile>
    <ClCompile Include="src/Menu/MenuState.cpp">
      <Filter>Source Files</Filter>
    </ClCompile>
    <ClCompile Include="src/Menu/Pause.cpp">
      <Filter>Source Files</Filter>
    </ClCompile>
    <ClCompile Include="src/player/Player.cpp">
      <Filter>Source Files</Filter>
    </ClCompile>
    <ClCompile Include="src\phone\phone.cpp">
      <Filter>Source Files</Filter>
    </ClCompile>
    <ClCompile Include="src\phone\IDApp.cpp">
      <Filter>Source Files</Filter>
    </ClCompile>
  </ItemGroup>
  <ItemGroup>
    <None Include="Soul-Less.slnx" />
    <None Include=".gitignore" />
  </ItemGroup>
  <ItemGroup>
    <ClInclude Include="include/Day_Night_Cycle/DayAndNight.hpp">
      <Filter>Header Files</Filter>
    </ClInclude>
    <ClInclude Include="include/Game.hpp">
      <Filter>Header Files</Filter>
    </ClInclude>
    <ClInclude Include="include/inventory/Inventory.hpp">
      <Filter>Header Files</Filter>
    </ClInclude>
    <ClInclude Include="include/inventory/InventorySlot.hpp">
      <Filter>Header Files</Filter>
    </ClInclude>
    <ClInclude Include="include/items/Item.hpp">
      <Filter>Header Files</Filter>
    </ClInclude>
    <ClInclude Include="include/level/Tiles.hpp">
      <Filter>Header Files</Filter>
    </ClInclude>
    <ClInclude Include="include/Menu/MenuState.hpp">
      <Filter>Header Files</Filter>
    </ClInclude>
    <ClInclude Include="include/Menu/Pause.hpp">
      <Filter>Header Files</Filter>
    </ClInclude>
    <ClInclude Include="include/player/Player.hpp">
      <Filter>Header Files</Filter>
    </ClInclude>
    <ClInclude Include="include\phone\phone.hpp">
      <Filter>Header Files</Filter>
    </ClInclude>
    <ClInclude Include="include\phone\IDApp.hpp">
      <Filter>Header Files</Filter>
    </ClInclude>
  </ItemGroup>
  <ItemGroup>
    <Font Include="assets/fonts/Silkscreen-Regular.ttf" />
  </ItemGroup>
  <ItemGroup>
    <Image Include="assets/ItemTextures/TestImage.png">
      <Filter>Resource Files</Filter>
    </Image>
    <Image Include="assets/textures/Am_time.png">
      <Filter>Resource Files</Filter>
    </Image>
    <Image Include="assets/textures/BLOB_Forward1.png">
      <Filter>Resource Files</Filter>
    </Image>
    <Image Include="assets/textures/BLOB_Forward2.png">
      <Filter>Resource Files</Filter>
    </Image>
    <Image Include="assets/textures/BLOB_Forward3.png">
      <Filter>Resource Files</Filter>
    </Image>
    <Image Include="assets/textures/BLOB_Forward4.png">
      <Filter>Resource Files</Filter>
    </Image>
    <Image Include="assets/textures/Floor.png">
      <Filter>Resource Files</Filter>
    </Image>
    <Image Include="assets/textures/pm_time.png">
      <Filter>Resource Files</Filter>
    </Image>
    <Image Include="assets/textures/Wall.png">
      <Filter>Resource Files</Filter>
    </Image>
    <Image Include="assets\textures\Phone.png">
      <Filter>Resource Files</Filter>
    </Image>
    <Image Include="assets\textures\Bank_App.png">
      <Filter>Resource Files</Filter>
    </Image>
    <Image Include="assets\textures\Business_App.png">
      <Filter>Resource Files</Filter>
    </Image>
    <Image Include="assets\textures\ID_App.png">
      <Filter>Resource Files</Filter>
    </Image>
    <Image Include="assets\textures\illegal_App.png">
      <Filter>Resource Files</Filter>
    </Image>
    <Image Include="assets\textures\shop_App.png">
      <Filter>Resource Files</Filter>
    </Image>
    <Image Include="assets\textures\ID_Page_Phone.png">
      <Filter>Resource Files</Filter>
    </Image>
  </ItemGroup>
</Project>